
Microsoft Visual Studio Solution File, Format Version 12.00
# Visual Studio 15
VisualStudioVersion = 15.0.26430.16
MinimumVisualStudioVersion = 10.0.40219.1
Project("{FAE04EC0-301F-11D3-BF4B-00C04F79EFBC}") = "LinearLeastSquares", "LinearLeastSquares.csproj", "{9F445CC5-D6C3-478E-BD54-AB2B535BA918}"
EndProject
Global
	GlobalSection(SolutionConfigurationPlatforms) = preSolution
		Debug|Any CPU = Debug|Any CPU
		Release|Any CPU = Release|Any CPU
	EndGlobalSection
	GlobalSection(ProjectConfigurationPlatforms) = postSolution
		{9F445CC5-D6C3-478E-BD54-AB2B535BA918}.Debug|Any CPU.ActiveCfg = Debug|Any CPU
		{9F445CC5-D6C3-478E-BD54-AB2B535BA918}.Debug|Any CPU.Build.0 = Debug|Any CPU
		{9F445CC5-D6C3-478E-BD54-AB2B535BA918}.Release|Any CPU.ActiveCfg = Release|Any CPU
		{9F445CC5-D6C3-478E-BD54-AB2B535BA918}.Release|Any CPU.Build.0 = Release|Any CPU
	EndGlobalSection
	GlobalSection(SolutionProperties) = preSolution
		HideSolutionNode = FALSE
	EndGlobalSection
EndGlobal
